// !$*UTF8*$!
{
	archiveVersion = 1;
	classes = {
	};
	objectVersion = 51;
	objects = {

/* Begin PBXBuildFile section */
		1599F1552530CC790074241E /* AppDelegate.swift in Sources */ = {isa = PBXBuildFile; fileRef = 1599F1542530CC790074241E /* AppDelegate.swift */; };
		1599F1572530CC790074241E /* SceneDelegate.swift in Sources */ = {isa = PBXBuildFile; fileRef = 1599F1562530CC790074241E /* SceneDelegate.swift */; };
		1599F1592530CC790074241E /* ViewController.swift in Sources */ = {isa = PBXBuildFile; fileRef = 1599F1582530CC790074241E /* ViewController.swift */; };
		1599F15C2530CC790074241E /* Main.storyboard in Resources */ = {isa = PBXBuildFile; fileRef = 1599F15A2530CC790074241E /* Main.storyboard */; };
		1599F15E2530CC7A0074241E /* Assets.xcassets in Resources */ = {isa = PBXBuildFile; fileRef = 1599F15D2530CC7A0074241E /* Assets.xcassets */; };
		1599F1612530CC7A0074241E /* LaunchScreen.storyboard in Resources */ = {isa = PBXBuildFile; fileRef = 1599F15F2530CC7A0074241E /* LaunchScreen.storyboard */; };
		1599F16C2530CC7A0074241E /* MoviesDBTests.swift in Sources */ = {isa = PBXBuildFile; fileRef = 1599F16B2530CC7A0074241E /* MoviesDBTests.swift */; };
		1599F1772530CC7A0074241E /* MoviesDBUITests.swift in Sources */ = {isa = PBXBuildFile; fileRef = 1599F1762530CC7A0074241E /* MoviesDBUITests.swift */; };
		1599F1982530CFDB0074241E /* ResquestData.swift in Sources */ = {isa = PBXBuildFile; fileRef = 1599F1972530CFDB0074241E /* ResquestData.swift */; };
		1599F1B92530D0AB0074241E /* Network.swift in Sources */ = {isa = PBXBuildFile; fileRef = 1599F1B82530D0AB0074241E /* Network.swift */; };
		1599F1C12530D1180074241E /* DefaultDecoder.swift in Sources */ = {isa = PBXBuildFile; fileRef = 1599F1C02530D1180074241E /* DefaultDecoder.swift */; };
		1599F1C92530D1BC0074241E /* SnakeCaseDecoder.swift in Sources */ = {isa = PBXBuildFile; fileRef = 1599F1C82530D1BC0074241E /* SnakeCaseDecoder.swift */; };
		1599F1D22530D2580074241E /* MovieAPI.swift in Sources */ = {isa = PBXBuildFile; fileRef = 1599F1D12530D2580074241E /* MovieAPI.swift */; };
		1599F1D72530D2EC0074241E /* Section.swift in Sources */ = {isa = PBXBuildFile; fileRef = 1599F1D62530D2EC0074241E /* Section.swift */; };
		1599F1E02530D4170074241E /* MovieListWorker.swift in Sources */ = {isa = PBXBuildFile; fileRef = 1599F1DF2530D4170074241E /* MovieListWorker.swift */; };
		1599F1E52530D4650074241E /* MovieListResponse.swift in Sources */ = {isa = PBXBuildFile; fileRef = 1599F1E42530D4650074241E /* MovieListResponse.swift */; };
		1599F1EE2530D4D20074241E /* Movie.swift in Sources */ = {isa = PBXBuildFile; fileRef = 1599F1ED2530D4D20074241E /* Movie.swift */; };
		1599F1F82530D52A0074241E /* Date+Extensions.swift in Sources */ = {isa = PBXBuildFile; fileRef = 1599F1F72530D52A0074241E /* Date+Extensions.swift */; };
		1599F2002530D54F0074241E /* String+Extensions.swift in Sources */ = {isa = PBXBuildFile; fileRef = 1599F1FF2530D54F0074241E /* String+Extensions.swift */; };
		1599F20D2530DA4D0074241E /* MovieDetailsWorker.swift in Sources */ = {isa = PBXBuildFile; fileRef = 1599F20C2530DA4D0074241E /* MovieDetailsWorker.swift */; };
		1599F2122530DA860074241E /* MovieDetails.swift in Sources */ = {isa = PBXBuildFile; fileRef = 1599F2112530DA860074241E /* MovieDetails.swift */; };
		1599F2172530DAB00074241E /* Genre.swift in Sources */ = {isa = PBXBuildFile; fileRef = 1599F2162530DAB00074241E /* Genre.swift */; };
		1599F21F2530DAF80074241E /* Credits.swift in Sources */ = {isa = PBXBuildFile; fileRef = 1599F21E2530DAF80074241E /* Credits.swift */; };
		1599F2242530DB000074241E /* Crew.swift in Sources */ = {isa = PBXBuildFile; fileRef = 1599F2232530DB000074241E /* Crew.swift */; };
		1599F2292530DB0B0074241E /* Cast.swift in Sources */ = {isa = PBXBuildFile; fileRef = 1599F2282530DB0B0074241E /* Cast.swift */; };
		1599F2322530DF310074241E /* GenreListWorker.swift in Sources */ = {isa = PBXBuildFile; fileRef = 1599F2312530DF310074241E /* GenreListWorker.swift */; };
		1599F2372530E05D0074241E /* GenreListResponse.swift in Sources */ = {isa = PBXBuildFile; fileRef = 1599F2362530E05D0074241E /* GenreListResponse.swift */; };
		35DF46FB8A9D59DD5A1941DE /* Pods_MoviesDBUITests.framework in Frameworks */ = {isa = PBXBuildFile; fileRef = 3E9AF2CDBDDC097E265CA65C /* Pods_MoviesDBUITests.framework */; };
		DB80A9F63D1D9E952F14FD0B /* Pods_MoviesDB.framework in Frameworks */ = {isa = PBXBuildFile; fileRef = DE9044ADA81BD19DBB307D1C /* Pods_MoviesDB.framework */; };
		F6CAA144B6365A36721D544B /* Pods_MoviesDBTests.framework in Frameworks */ = {isa = PBXBuildFile; fileRef = A92A9B1D08D39BE7697EDA2F /* Pods_MoviesDBTests.framework */; };
/* End PBXBuildFile section */

/* Begin PBXContainerItemProxy section */
		1599F1682530CC7A0074241E /* PBXContainerItemProxy */ = {
			isa = PBXContainerItemProxy;
			containerPortal = 1599F1492530CC790074241E /* Project object */;
			proxyType = 1;
			remoteGlobalIDString = 1599F1502530CC790074241E;
			remoteInfo = MoviesDB;
		};
		1599F1732530CC7A0074241E /* PBXContainerItemProxy */ = {
			isa = PBXContainerItemProxy;
			containerPortal = 1599F1492530CC790074241E /* Project object */;
			proxyType = 1;
			remoteGlobalIDString = 1599F1502530CC790074241E;
			remoteInfo = MoviesDB;
		};
/* End PBXContainerItemProxy section */

/* Begin PBXFileReference section */
		1599F1512530CC790074241E /* MoviesDB.app */ = {isa = PBXFileReference; explicitFileType = wrapper.application; includeInIndex = 0; path = MoviesDB.app; sourceTree = BUILT_PRODUCTS_DIR; };
		1599F1542530CC790074241E /* AppDelegate.swift */ = {isa = PBXFileReference; lastKnownFileType = sourcecode.swift; path = AppDelegate.swift; sourceTree = "<group>"; };
		1599F1562530CC790074241E /* SceneDelegate.swift */ = {isa = PBXFileReference; lastKnownFileType = sourcecode.swift; path = SceneDelegate.swift; sourceTree = "<group>"; };
		1599F1582530CC790074241E /* ViewController.swift */ = {isa = PBXFileReference; lastKnownFileType = sourcecode.swift; path = ViewController.swift; sourceTree = "<group>"; };
		1599F15B2530CC790074241E /* Base */ = {isa = PBXFileReference; lastKnownFileType = file.storyboard; name = Base; path = Base.lproj/Main.storyboard; sourceTree = "<group>"; };
		1599F15D2530CC7A0074241E /* Assets.xcassets */ = {isa = PBXFileReference; lastKnownFileType = folder.assetcatalog; path = Assets.xcassets; sourceTree = "<group>"; };
		1599F1602530CC7A0074241E /* Base */ = {isa = PBXFileReference; lastKnownFileType = file.storyboard; name = Base; path = Base.lproj/LaunchScreen.storyboard; sourceTree = "<group>"; };
		1599F1622530CC7A0074241E /* Info.plist */ = {isa = PBXFileReference; lastKnownFileType = text.plist.xml; path = Info.plist; sourceTree = "<group>"; };
		1599F1672530CC7A0074241E /* MoviesDBTests.xctest */ = {isa = PBXFileReference; explicitFileType = wrapper.cfbundle; includeInIndex = 0; path = MoviesDBTests.xctest; sourceTree = BUILT_PRODUCTS_DIR; };
		1599F16B2530CC7A0074241E /* MoviesDBTests.swift */ = {isa = PBXFileReference; lastKnownFileType = sourcecode.swift; path = MoviesDBTests.swift; sourceTree = "<group>"; };
		1599F16D2530CC7A0074241E /* Info.plist */ = {isa = PBXFileReference; lastKnownFileType = text.plist.xml; path = Info.plist; sourceTree = "<group>"; };
		1599F1722530CC7A0074241E /* MoviesDBUITests.xctest */ = {isa = PBXFileReference; explicitFileType = wrapper.cfbundle; includeInIndex = 0; path = MoviesDBUITests.xctest; sourceTree = BUILT_PRODUCTS_DIR; };
		1599F1762530CC7A0074241E /* MoviesDBUITests.swift */ = {isa = PBXFileReference; lastKnownFileType = sourcecode.swift; path = MoviesDBUITests.swift; sourceTree = "<group>"; };
		1599F1782530CC7A0074241E /* Info.plist */ = {isa = PBXFileReference; lastKnownFileType = text.plist.xml; path = Info.plist; sourceTree = "<group>"; };
		1599F1972530CFDB0074241E /* ResquestData.swift */ = {isa = PBXFileReference; lastKnownFileType = sourcecode.swift; path = ResquestData.swift; sourceTree = "<group>"; };
		1599F1B82530D0AB0074241E /* Network.swift */ = {isa = PBXFileReference; lastKnownFileType = sourcecode.swift; path = Network.swift; sourceTree = "<group>"; };
		1599F1C02530D1180074241E /* DefaultDecoder.swift */ = {isa = PBXFileReference; lastKnownFileType = sourcecode.swift; path = DefaultDecoder.swift; sourceTree = "<group>"; };
		1599F1C82530D1BC0074241E /* SnakeCaseDecoder.swift */ = {isa = PBXFileReference; lastKnownFileType = sourcecode.swift; path = SnakeCaseDecoder.swift; sourceTree = "<group>"; };
		1599F1D12530D2580074241E /* MovieAPI.swift */ = {isa = PBXFileReference; lastKnownFileType = sourcecode.swift; path = MovieAPI.swift; sourceTree = "<group>"; };
		1599F1D62530D2EC0074241E /* Section.swift */ = {isa = PBXFileReference; lastKnownFileType = sourcecode.swift; path = Section.swift; sourceTree = "<group>"; };
		1599F1DF2530D4170074241E /* MovieListWorker.swift */ = {isa = PBXFileReference; lastKnownFileType = sourcecode.swift; path = MovieListWorker.swift; sourceTree = "<group>"; };
		1599F1E42530D4650074241E /* MovieListResponse.swift */ = {isa = PBXFileReference; lastKnownFileType = sourcecode.swift; path = MovieListResponse.swift; sourceTree = "<group>"; };
		1599F1ED2530D4D20074241E /* Movie.swift */ = {isa = PBXFileReference; lastKnownFileType = sourcecode.swift; path = Movie.swift; sourceTree = "<group>"; };
		1599F1F72530D52A0074241E /* Date+Extensions.swift */ = {isa = PBXFileReference; lastKnownFileType = sourcecode.swift; path = "Date+Extensions.swift"; sourceTree = "<group>"; };
		1599F1FF2530D54F0074241E /* String+Extensions.swift */ = {isa = PBXFileReference; lastKnownFileType = sourcecode.swift; path = "String+Extensions.swift"; sourceTree = "<group>"; };
		1599F20C2530DA4D0074241E /* MovieDetailsWorker.swift */ = {isa = PBXFileReference; lastKnownFileType = sourcecode.swift; path = MovieDetailsWorker.swift; sourceTree = "<group>"; };
		1599F2112530DA860074241E /* MovieDetails.swift */ = {isa = PBXFileReference; lastKnownFileType = sourcecode.swift; path = MovieDetails.swift; sourceTree = "<group>"; };
		1599F2162530DAB00074241E /* Genre.swift */ = {isa = PBXFileReference; lastKnownFileType = sourcecode.swift; path = Genre.swift; sourceTree = "<group>"; };
		1599F21E2530DAF80074241E /* Credits.swift */ = {isa = PBXFileReference; fileEncoding = 4; lastKnownFileType = sourcecode.swift; path = Credits.swift; sourceTree = "<group>"; };
		1599F2232530DB000074241E /* Crew.swift */ = {isa = PBXFileReference; fileEncoding = 4; lastKnownFileType = sourcecode.swift; path = Crew.swift; sourceTree = "<group>"; };
		1599F2282530DB0B0074241E /* Cast.swift */ = {isa = PBXFileReference; fileEncoding = 4; lastKnownFileType = sourcecode.swift; path = Cast.swift; sourceTree = "<group>"; };
		1599F2312530DF310074241E /* GenreListWorker.swift */ = {isa = PBXFileReference; lastKnownFileType = sourcecode.swift; path = GenreListWorker.swift; sourceTree = "<group>"; };
		1599F2362530E05D0074241E /* GenreListResponse.swift */ = {isa = PBXFileReference; lastKnownFileType = sourcecode.swift; path = GenreListResponse.swift; sourceTree = "<group>"; };
		15B8BA38EA73514DA9F34E1F /* Pods-MoviesDB-MoviesDBUITests.debug.xcconfig */ = {isa = PBXFileReference; includeInIndex = 1; lastKnownFileType = text.xcconfig; name = "Pods-MoviesDB-MoviesDBUITests.debug.xcconfig"; path = "Target Support Files/Pods-MoviesDB-MoviesDBUITests/Pods-MoviesDB-MoviesDBUITests.debug.xcconfig"; sourceTree = "<group>"; };
		3E9AF2CDBDDC097E265CA65C /* Pods_MoviesDBUITests.framework */ = {isa = PBXFileReference; explicitFileType = wrapper.framework; includeInIndex = 0; path = Pods_MoviesDBUITests.framework; sourceTree = BUILT_PRODUCTS_DIR; };
		58C60AC9445C73B86732B413 /* Pods-MoviesDBUITests.debug.xcconfig */ = {isa = PBXFileReference; includeInIndex = 1; lastKnownFileType = text.xcconfig; name = "Pods-MoviesDBUITests.debug.xcconfig"; path = "Target Support Files/Pods-MoviesDBUITests/Pods-MoviesDBUITests.debug.xcconfig"; sourceTree = "<group>"; };
		9A8AEC9C72976A58547EA7CF /* Pods-MoviesDBUITests.release.xcconfig */ = {isa = PBXFileReference; includeInIndex = 1; lastKnownFileType = text.xcconfig; name = "Pods-MoviesDBUITests.release.xcconfig"; path = "Target Support Files/Pods-MoviesDBUITests/Pods-MoviesDBUITests.release.xcconfig"; sourceTree = "<group>"; };
		A92A9B1D08D39BE7697EDA2F /* Pods_MoviesDBTests.framework */ = {isa = PBXFileReference; explicitFileType = wrapper.framework; includeInIndex = 0; path = Pods_MoviesDBTests.framework; sourceTree = BUILT_PRODUCTS_DIR; };
		DA97B8B7A0BC649A0BEC2CF1 /* Pods-MoviesDBTests.release.xcconfig */ = {isa = PBXFileReference; includeInIndex = 1; lastKnownFileType = text.xcconfig; name = "Pods-MoviesDBTests.release.xcconfig"; path = "Target Support Files/Pods-MoviesDBTests/Pods-MoviesDBTests.release.xcconfig"; sourceTree = "<group>"; };
		DB9938794F07245733E9CA22 /* Pods-MoviesDB-MoviesDBUITests.release.xcconfig */ = {isa = PBXFileReference; includeInIndex = 1; lastKnownFileType = text.xcconfig; name = "Pods-MoviesDB-MoviesDBUITests.release.xcconfig"; path = "Target Support Files/Pods-MoviesDB-MoviesDBUITests/Pods-MoviesDB-MoviesDBUITests.release.xcconfig"; sourceTree = "<group>"; };
		DE9044ADA81BD19DBB307D1C /* Pods_MoviesDB.framework */ = {isa = PBXFileReference; explicitFileType = wrapper.framework; includeInIndex = 0; path = Pods_MoviesDB.framework; sourceTree = BUILT_PRODUCTS_DIR; };
		E1B01C88FE98CC7AE9983952 /* Pods-MoviesDB.release.xcconfig */ = {isa = PBXFileReference; includeInIndex = 1; lastKnownFileType = text.xcconfig; name = "Pods-MoviesDB.release.xcconfig"; path = "Target Support Files/Pods-MoviesDB/Pods-MoviesDB.release.xcconfig"; sourceTree = "<group>"; };
		F032477E884009F2D9890876 /* Pods-MoviesDB.debug.xcconfig */ = {isa = PBXFileReference; includeInIndex = 1; lastKnownFileType = text.xcconfig; name = "Pods-MoviesDB.debug.xcconfig"; path = "Target Support Files/Pods-MoviesDB/Pods-MoviesDB.debug.xcconfig"; sourceTree = "<group>"; };
		F35EEB17D34EA98ACE375F34 /* Pods-MoviesDBTests.debug.xcconfig */ = {isa = PBXFileReference; includeInIndex = 1; lastKnownFileType = text.xcconfig; name = "Pods-MoviesDBTests.debug.xcconfig"; path = "Target Support Files/Pods-MoviesDBTests/Pods-MoviesDBTests.debug.xcconfig"; sourceTree = "<group>"; };
/* End PBXFileReference section */

/* Begin PBXFrameworksBuildPhase section */
		1599F14E2530CC790074241E /* Frameworks */ = {
			isa = PBXFrameworksBuildPhase;
			buildActionMask = 2147483647;
			files = (
				DB80A9F63D1D9E952F14FD0B /* Pods_MoviesDB.framework in Frameworks */,
			);
			runOnlyForDeploymentPostprocessing = 0;
		};
		1599F1642530CC7A0074241E /* Frameworks */ = {
			isa = PBXFrameworksBuildPhase;
			buildActionMask = 2147483647;
			files = (
				F6CAA144B6365A36721D544B /* Pods_MoviesDBTests.framework in Frameworks */,
			);
			runOnlyForDeploymentPostprocessing = 0;
		};
		1599F16F2530CC7A0074241E /* Frameworks */ = {
			isa = PBXFrameworksBuildPhase;
			buildActionMask = 2147483647;
			files = (
				35DF46FB8A9D59DD5A1941DE /* Pods_MoviesDBUITests.framework in Frameworks */,
			);
			runOnlyForDeploymentPostprocessing = 0;
		};
/* End PBXFrameworksBuildPhase section */

/* Begin PBXGroup section */
		0C3D83D648295786440FDBD0 /* Pods */ = {
			isa = PBXGroup;
			children = (
				F032477E884009F2D9890876 /* Pods-MoviesDB.debug.xcconfig */,
				E1B01C88FE98CC7AE9983952 /* Pods-MoviesDB.release.xcconfig */,
				15B8BA38EA73514DA9F34E1F /* Pods-MoviesDB-MoviesDBUITests.debug.xcconfig */,
				DB9938794F07245733E9CA22 /* Pods-MoviesDB-MoviesDBUITests.release.xcconfig */,
				F35EEB17D34EA98ACE375F34 /* Pods-MoviesDBTests.debug.xcconfig */,
				DA97B8B7A0BC649A0BEC2CF1 /* Pods-MoviesDBTests.release.xcconfig */,
				58C60AC9445C73B86732B413 /* Pods-MoviesDBUITests.debug.xcconfig */,
				9A8AEC9C72976A58547EA7CF /* Pods-MoviesDBUITests.release.xcconfig */,
			);
			path = Pods;
			sourceTree = "<group>";
		};
		1599F1482530CC790074241E = {
			isa = PBXGroup;
			children = (
				1599F1532530CC790074241E /* MoviesDB */,
				1599F16A2530CC7A0074241E /* MoviesDBTests */,
				1599F1752530CC7A0074241E /* MoviesDBUITests */,
				1599F1522530CC790074241E /* Products */,
				0C3D83D648295786440FDBD0 /* Pods */,
				BD803DFBAA7CAC61961FC53B /* Frameworks */,
			);
			sourceTree = "<group>";
		};
		1599F1522530CC790074241E /* Products */ = {
			isa = PBXGroup;
			children = (
				1599F1512530CC790074241E /* MoviesDB.app */,
				1599F1672530CC7A0074241E /* MoviesDBTests.xctest */,
				1599F1722530CC7A0074241E /* MoviesDBUITests.xctest */,
			);
			name = Products;
			sourceTree = "<group>";
		};
		1599F1532530CC790074241E /* MoviesDB */ = {
			isa = PBXGroup;
			children = (
				1599F18C2530CE500074241E /* Resources */,
				1599F18B2530CE490074241E /* Source */,
				1599F18A2530CE280074241E /* SupportingFiles */,
			);
			path = MoviesDB;
			sourceTree = "<group>";
		};
		1599F16A2530CC7A0074241E /* MoviesDBTests */ = {
			isa = PBXGroup;
			children = (
				1599F16B2530CC7A0074241E /* MoviesDBTests.swift */,
				1599F16D2530CC7A0074241E /* Info.plist */,
			);
			path = MoviesDBTests;
			sourceTree = "<group>";
		};
		1599F1752530CC7A0074241E /* MoviesDBUITests */ = {
			isa = PBXGroup;
			children = (
				1599F1762530CC7A0074241E /* MoviesDBUITests.swift */,
				1599F1782530CC7A0074241E /* Info.plist */,
			);
			path = MoviesDBUITests;
			sourceTree = "<group>";
		};
		1599F18A2530CE280074241E /* SupportingFiles */ = {
			isa = PBXGroup;
			children = (
				1599F1622530CC7A0074241E /* Info.plist */,
				1599F1542530CC790074241E /* AppDelegate.swift */,
				1599F1562530CC790074241E /* SceneDelegate.swift */,
			);
			path = SupportingFiles;
			sourceTree = "<group>";
		};
		1599F18B2530CE490074241E /* Source */ = {
			isa = PBXGroup;
			children = (
				1599F1BD2530D0E40074241E /* Features */,
				1599F1EC2530D4A00074241E /* Model */,
				1599F1962530CFAF0074241E /* Networking */,
				1599F1F52530D4FF0074241E /* Shared */,
				1599F1BE2530D0EE0074241E /* Utils */,
				1599F1DE2530D3FE0074241E /* Workers */,
			);
			path = Source;
			sourceTree = "<group>";
		};
		1599F18C2530CE500074241E /* Resources */ = {
			isa = PBXGroup;
			children = (
				1599F15D2530CC7A0074241E /* Assets.xcassets */,
				1599F15F2530CC7A0074241E /* LaunchScreen.storyboard */,
				1599F15A2530CC790074241E /* Main.storyboard */,
			);
			path = Resources;
			sourceTree = "<group>";
		};
		1599F1962530CFAF0074241E /* Networking */ = {
			isa = PBXGroup;
			children = (
				1599F1D12530D2580074241E /* MovieAPI.swift */,
				1599F1B82530D0AB0074241E /* Network.swift */,
				1599F1972530CFDB0074241E /* ResquestData.swift */,
			);
			path = Networking;
			sourceTree = "<group>";
		};
		1599F1BD2530D0E40074241E /* Features */ = {
			isa = PBXGroup;
			children = (
				1599F1582530CC790074241E /* ViewController.swift */,
			);
			path = Features;
			sourceTree = "<group>";
		};
		1599F1BE2530D0EE0074241E /* Utils */ = {
			isa = PBXGroup;
			children = (
				1599F1BF2530D1010074241E /* Decoding */,
			);
			path = Utils;
			sourceTree = "<group>";
		};
		1599F1BF2530D1010074241E /* Decoding */ = {
			isa = PBXGroup;
			children = (
				1599F1C02530D1180074241E /* DefaultDecoder.swift */,
				1599F1C82530D1BC0074241E /* SnakeCaseDecoder.swift */,
			);
			path = Decoding;
			sourceTree = "<group>";
		};
		1599F1DE2530D3FE0074241E /* Workers */ = {
			isa = PBXGroup;
			children = (
				1599F2302530DF1D0074241E /* Genres */,
				1599F20B2530DA300074241E /* MovieDetails */,
				1599F20A2530DA210074241E /* MovieList */,
			);
			path = Workers;
			sourceTree = "<group>";
		};
		1599F1EC2530D4A00074241E /* Model */ = {
			isa = PBXGroup;
			children = (
				1599F2282530DB0B0074241E /* Cast.swift */,
				1599F21E2530DAF80074241E /* Credits.swift */,
				1599F2232530DB000074241E /* Crew.swift */,
				1599F2162530DAB00074241E /* Genre.swift */,
				1599F1ED2530D4D20074241E /* Movie.swift */,
				1599F2112530DA860074241E /* MovieDetails.swift */,
			);
			path = Model;
			sourceTree = "<group>";
		};
		1599F1F52530D4FF0074241E /* Shared */ = {
			isa = PBXGroup;
			children = (
				1599F1F62530D51B0074241E /* Extensions */,
			);
			path = Shared;
			sourceTree = "<group>";
		};
		1599F1F62530D51B0074241E /* Extensions */ = {
			isa = PBXGroup;
			children = (
				1599F1F72530D52A0074241E /* Date+Extensions.swift */,
				1599F1FF2530D54F0074241E /* String+Extensions.swift */,
			);
			path = Extensions;
			sourceTree = "<group>";
		};
		1599F20A2530DA210074241E /* MovieList */ = {
			isa = PBXGroup;
			children = (
				1599F1E42530D4650074241E /* MovieListResponse.swift */,
				1599F1DF2530D4170074241E /* MovieListWorker.swift */,
				1599F1D62530D2EC0074241E /* Section.swift */,
			);
			path = MovieList;
			sourceTree = "<group>";
		};
		1599F20B2530DA300074241E /* MovieDetails */ = {
			isa = PBXGroup;
			children = (
				1599F20C2530DA4D0074241E /* MovieDetailsWorker.swift */,
			);
			path = MovieDetails;
			sourceTree = "<group>";
		};
		1599F2302530DF1D0074241E /* Genres */ = {
			isa = PBXGroup;
			children = (
				1599F2362530E05D0074241E /* GenreListResponse.swift */,
				1599F2312530DF310074241E /* GenreListWorker.swift */,
			);
			path = Genres;
			sourceTree = "<group>";
		};
		BD803DFBAA7CAC61961FC53B /* Frameworks */ = {
			isa = PBXGroup;
			children = (
				DE9044ADA81BD19DBB307D1C /* Pods_MoviesDB.framework */,
				A92A9B1D08D39BE7697EDA2F /* Pods_MoviesDBTests.framework */,
				3E9AF2CDBDDC097E265CA65C /* Pods_MoviesDBUITests.framework */,
			);
			name = Frameworks;
			sourceTree = "<group>";
		};
/* End PBXGroup section */

/* Begin PBXNativeTarget section */
		1599F1502530CC790074241E /* MoviesDB */ = {
			isa = PBXNativeTarget;
			buildConfigurationList = 1599F17B2530CC7A0074241E /* Build configuration list for PBXNativeTarget "MoviesDB" */;
			buildPhases = (
				E21DFF1B8560BA89D69CD4DF /* [CP] Check Pods Manifest.lock */,
				1599F14D2530CC790074241E /* Sources */,
				1599F14E2530CC790074241E /* Frameworks */,
				1599F14F2530CC790074241E /* Resources */,
				4BA2FE1D92754506E3D3DBF3 /* [CP] Embed Pods Frameworks */,
			);
			buildRules = (
			);
			dependencies = (
			);
			name = MoviesDB;
			productName = MoviesDB;
			productReference = 1599F1512530CC790074241E /* MoviesDB.app */;
			productType = "com.apple.product-type.application";
		};
		1599F1662530CC7A0074241E /* MoviesDBTests */ = {
			isa = PBXNativeTarget;
			buildConfigurationList = 1599F17E2530CC7A0074241E /* Build configuration list for PBXNativeTarget "MoviesDBTests" */;
			buildPhases = (
				0AEA865E7BD5886A78841A0F /* [CP] Check Pods Manifest.lock */,
				1599F1632530CC7A0074241E /* Sources */,
				1599F1642530CC7A0074241E /* Frameworks */,
				1599F1652530CC7A0074241E /* Resources */,
			);
			buildRules = (
			);
			dependencies = (
				1599F1692530CC7A0074241E /* PBXTargetDependency */,
			);
			name = MoviesDBTests;
			productName = MoviesDBTests;
			productReference = 1599F1672530CC7A0074241E /* MoviesDBTests.xctest */;
			productType = "com.apple.product-type.bundle.unit-test";
		};
		1599F1712530CC7A0074241E /* MoviesDBUITests */ = {
			isa = PBXNativeTarget;
			buildConfigurationList = 1599F1812530CC7A0074241E /* Build configuration list for PBXNativeTarget "MoviesDBUITests" */;
			buildPhases = (
				22273854A2343F67A1A4AF30 /* [CP] Check Pods Manifest.lock */,
				1599F16E2530CC7A0074241E /* Sources */,
				1599F16F2530CC7A0074241E /* Frameworks */,
				1599F1702530CC7A0074241E /* Resources */,
			);
			buildRules = (
			);
			dependencies = (
				1599F1742530CC7A0074241E /* PBXTargetDependency */,
			);
			name = MoviesDBUITests;
			productName = MoviesDBUITests;
			productReference = 1599F1722530CC7A0074241E /* MoviesDBUITests.xctest */;
			productType = "com.apple.product-type.bundle.ui-testing";
		};
/* End PBXNativeTarget section */

/* Begin PBXProject section */
		1599F1492530CC790074241E /* Project object */ = {
			isa = PBXProject;
			attributes = {
				LastSwiftUpdateCheck = 1200;
				LastUpgradeCheck = 1200;
				TargetAttributes = {
					1599F1502530CC790074241E = {
						CreatedOnToolsVersion = 12.0.1;
					};
					1599F1662530CC7A0074241E = {
						CreatedOnToolsVersion = 12.0.1;
						TestTargetID = 1599F1502530CC790074241E;
					};
					1599F1712530CC7A0074241E = {
						CreatedOnToolsVersion = 12.0.1;
						TestTargetID = 1599F1502530CC790074241E;
					};
				};
			};
			buildConfigurationList = 1599F14C2530CC790074241E /* Build configuration list for PBXProject "MoviesDB" */;
			compatibilityVersion = "Xcode 9.3";
			developmentRegion = en;
			hasScannedForEncodings = 0;
			knownRegions = (
				en,
				Base,
			);
			mainGroup = 1599F1482530CC790074241E;
			productRefGroup = 1599F1522530CC790074241E /* Products */;
			projectDirPath = "";
			projectRoot = "";
			targets = (
				1599F1502530CC790074241E /* MoviesDB */,
				1599F1662530CC7A0074241E /* MoviesDBTests */,
				1599F1712530CC7A0074241E /* MoviesDBUITests */,
			);
		};
/* End PBXProject section */

/* Begin PBXResourcesBuildPhase section */
		1599F14F2530CC790074241E /* Resources */ = {
			isa = PBXResourcesBuildPhase;
			buildActionMask = 2147483647;
			files = (
				1599F1612530CC7A0074241E /* LaunchScreen.storyboard in Resources */,
				1599F15E2530CC7A0074241E /* Assets.xcassets in Resources */,
				1599F15C2530CC790074241E /* Main.storyboard in Resources */,
			);
			runOnlyForDeploymentPostprocessing = 0;
		};
		1599F1652530CC7A0074241E /* Resources */ = {
			isa = PBXResourcesBuildPhase;
			buildActionMask = 2147483647;
			files = (
			);
			runOnlyForDeploymentPostprocessing = 0;
		};
		1599F1702530CC7A0074241E /* Resources */ = {
			isa = PBXResourcesBuildPhase;
			buildActionMask = 2147483647;
			files = (
			);
			runOnlyForDeploymentPostprocessing = 0;
		};
/* End PBXResourcesBuildPhase section */

/* Begin PBXShellScriptBuildPhase section */
		0AEA865E7BD5886A78841A0F /* [CP] Check Pods Manifest.lock */ = {
			isa = PBXShellScriptBuildPhase;
			buildActionMask = 2147483647;
			files = (
			);
			inputFileListPaths = (
			);
			inputPaths = (
				"${PODS_PODFILE_DIR_PATH}/Podfile.lock",
				"${PODS_ROOT}/Manifest.lock",
			);
			name = "[CP] Check Pods Manifest.lock";
			outputFileListPaths = (
			);
			outputPaths = (
				"$(DERIVED_FILE_DIR)/Pods-MoviesDBTests-checkManifestLockResult.txt",
			);
			runOnlyForDeploymentPostprocessing = 0;
			shellPath = /bin/sh;
			shellScript = "diff \"${PODS_PODFILE_DIR_PATH}/Podfile.lock\" \"${PODS_ROOT}/Manifest.lock\" > /dev/null\nif [ $? != 0 ] ; then\n    # print error to STDERR\n    echo \"error: The sandbox is not in sync with the Podfile.lock. Run 'pod install' or update your CocoaPods installation.\" >&2\n    exit 1\nfi\n# This output is used by Xcode 'outputs' to avoid re-running this script phase.\necho \"SUCCESS\" > \"${SCRIPT_OUTPUT_FILE_0}\"\n";
			showEnvVarsInLog = 0;
		};
		22273854A2343F67A1A4AF30 /* [CP] Check Pods Manifest.lock */ = {
			isa = PBXShellScriptBuildPhase;
			buildActionMask = 2147483647;
			files = (
			);
			inputFileListPaths = (
			);
			inputPaths = (
				"${PODS_PODFILE_DIR_PATH}/Podfile.lock",
				"${PODS_ROOT}/Manifest.lock",
			);
			name = "[CP] Check Pods Manifest.lock";
			outputFileListPaths = (
			);
			outputPaths = (
				"$(DERIVED_FILE_DIR)/Pods-MoviesDBUITests-checkManifestLockResult.txt",
			);
			runOnlyForDeploymentPostprocessing = 0;
			shellPath = /bin/sh;
			shellScript = "diff \"${PODS_PODFILE_DIR_PATH}/Podfile.lock\" \"${PODS_ROOT}/Manifest.lock\" > /dev/null\nif [ $? != 0 ] ; then\n    # print error to STDERR\n    echo \"error: The sandbox is not in sync with the Podfile.lock. Run 'pod install' or update your CocoaPods installation.\" >&2\n    exit 1\nfi\n# This output is used by Xcode 'outputs' to avoid re-running this script phase.\necho \"SUCCESS\" > \"${SCRIPT_OUTPUT_FILE_0}\"\n";
			showEnvVarsInLog = 0;
		};
		4BA2FE1D92754506E3D3DBF3 /* [CP] Embed Pods Frameworks */ = {
			isa = PBXShellScriptBuildPhase;
			buildActionMask = 2147483647;
			files = (
			);
			inputFileListPaths = (
				"${PODS_ROOT}/Target Support Files/Pods-MoviesDB/Pods-MoviesDB-frameworks-${CONFIGURATION}-input-files.xcfilelist",
			);
			name = "[CP] Embed Pods Frameworks";
			outputFileListPaths = (
				"${PODS_ROOT}/Target Support Files/Pods-MoviesDB/Pods-MoviesDB-frameworks-${CONFIGURATION}-output-files.xcfilelist",
			);
			runOnlyForDeploymentPostprocessing = 0;
			shellPath = /bin/sh;
			shellScript = "\"${PODS_ROOT}/Target Support Files/Pods-MoviesDB/Pods-MoviesDB-frameworks.sh\"\n";
			showEnvVarsInLog = 0;
		};
		E21DFF1B8560BA89D69CD4DF /* [CP] Check Pods Manifest.lock */ = {
			isa = PBXShellScriptBuildPhase;
			buildActionMask = 2147483647;
			files = (
			);
			inputFileListPaths = (
			);
			inputPaths = (
				"${PODS_PODFILE_DIR_PATH}/Podfile.lock",
				"${PODS_ROOT}/Manifest.lock",
			);
			name = "[CP] Check Pods Manifest.lock";
			outputFileListPaths = (
			);
			outputPaths = (
				"$(DERIVED_FILE_DIR)/Pods-MoviesDB-checkManifestLockResult.txt",
			);
			runOnlyForDeploymentPostprocessing = 0;
			shellPath = /bin/sh;
			shellScript = "diff \"${PODS_PODFILE_DIR_PATH}/Podfile.lock\" \"${PODS_ROOT}/Manifest.lock\" > /dev/null\nif [ $? != 0 ] ; then\n    # print error to STDERR\n    echo \"error: The sandbox is not in sync with the Podfile.lock. Run 'pod install' or update your CocoaPods installation.\" >&2\n    exit 1\nfi\n# This output is used by Xcode 'outputs' to avoid re-running this script phase.\necho \"SUCCESS\" > \"${SCRIPT_OUTPUT_FILE_0}\"\n";
			showEnvVarsInLog = 0;
		};
/* End PBXShellScriptBuildPhase section */

/* Begin PBXSourcesBuildPhase section */
		1599F14D2530CC790074241E /* Sources */ = {
			isa = PBXSourcesBuildPhase;
			buildActionMask = 2147483647;
			files = (
				1599F1D72530D2EC0074241E /* Section.swift in Sources */,
				1599F1C12530D1180074241E /* DefaultDecoder.swift in Sources */,
				1599F1EE2530D4D20074241E /* Movie.swift in Sources */,
				1599F1F82530D52A0074241E /* Date+Extensions.swift in Sources */,
				1599F1B92530D0AB0074241E /* Network.swift in Sources */,
				1599F1592530CC790074241E /* ViewController.swift in Sources */,
				1599F1D22530D2580074241E /* MovieAPI.swift in Sources */,
				1599F2242530DB000074241E /* Crew.swift in Sources */,
				1599F1E52530D4650074241E /* MovieListResponse.swift in Sources */,
				1599F20D2530DA4D0074241E /* MovieDetailsWorker.swift in Sources */,
				1599F2372530E05D0074241E /* GenreListResponse.swift in Sources */,
				1599F2002530D54F0074241E /* String+Extensions.swift in Sources */,
				1599F2172530DAB00074241E /* Genre.swift in Sources */,
				1599F2292530DB0B0074241E /* Cast.swift in Sources */,
				1599F2122530DA860074241E /* MovieDetails.swift in Sources */,
				1599F1552530CC790074241E /* AppDelegate.swift in Sources */,
				1599F1572530CC790074241E /* SceneDelegate.swift in Sources */,
				1599F2322530DF310074241E /* GenreListWorker.swift in Sources */,
				1599F1982530CFDB0074241E /* ResquestData.swift in Sources */,
				1599F1E02530D4170074241E /* MovieListWorker.swift in Sources */,
				1599F21F2530DAF80074241E /* Credits.swift in Sources */,
				1599F1C92530D1BC0074241E /* SnakeCaseDecoder.swift in Sources */,
			);
			runOnlyForDeploymentPostprocessing = 0;
		};
		1599F1632530CC7A0074241E /* Sources */ = {
			isa = PBXSourcesBuildPhase;
			buildActionMask = 2147483647;
			files = (
				1599F16C2530CC7A0074241E /* MoviesDBTests.swift in Sources */,
			);
			runOnlyForDeploymentPostprocessing = 0;
		};
		1599F16E2530CC7A0074241E /* Sources */ = {
			isa = PBXSourcesBuildPhase;
			buildActionMask = 2147483647;
			files = (
				1599F1772530CC7A0074241E /* MoviesDBUITests.swift in Sources */,
			);
			runOnlyForDeploymentPostprocessing = 0;
		};
/* End PBXSourcesBuildPhase section */

/* Begin PBXTargetDependency section */
		1599F1692530CC7A0074241E /* PBXTargetDependency */ = {
			isa = PBXTargetDependency;
			target = 1599F1502530CC790074241E /* MoviesDB */;
			targetProxy = 1599F1682530CC7A0074241E /* PBXContainerItemProxy */;
		};
		1599F1742530CC7A0074241E /* PBXTargetDependency */ = {
			isa = PBXTargetDependency;
			target = 1599F1502530CC790074241E /* MoviesDB */;
			targetProxy = 1599F1732530CC7A0074241E /* PBXContainerItemProxy */;
		};
/* End PBXTargetDependency section */

/* Begin PBXVariantGroup section */
		1599F15A2530CC790074241E /* Main.storyboard */ = {
			isa = PBXVariantGroup;
			children = (
				1599F15B2530CC790074241E /* Base */,
			);
			name = Main.storyboard;
			sourceTree = "<group>";
		};
		1599F15F2530CC7A0074241E /* LaunchScreen.storyboard */ = {
			isa = PBXVariantGroup;
			children = (
				1599F1602530CC7A0074241E /* Base */,
			);
			name = LaunchScreen.storyboard;
			sourceTree = "<group>";
		};
/* End PBXVariantGroup section */

/* Begin XCBuildConfiguration section */
		1599F1792530CC7A0074241E /* Debug */ = {
			isa = XCBuildConfiguration;
			buildSettings = {
				ALWAYS_SEARCH_USER_PATHS = NO;
				CLANG_ANALYZER_NONNULL = YES;
				CLANG_ANALYZER_NUMBER_OBJECT_CONVERSION = YES_AGGRESSIVE;
				CLANG_CXX_LANGUAGE_STANDARD = "gnu++14";
				CLANG_CXX_LIBRARY = "libc++";
				CLANG_ENABLE_MODULES = YES;
				CLANG_ENABLE_OBJC_ARC = YES;
				CLANG_ENABLE_OBJC_WEAK = YES;
				CLANG_WARN_BLOCK_CAPTURE_AUTORELEASING = YES;
				CLANG_WARN_BOOL_CONVERSION = YES;
				CLANG_WARN_COMMA = YES;
				CLANG_WARN_CONSTANT_CONVERSION = YES;
				CLANG_WARN_DEPRECATED_OBJC_IMPLEMENTATIONS = YES;
				CLANG_WARN_DIRECT_OBJC_ISA_USAGE = YES_ERROR;
				CLANG_WARN_DOCUMENTATION_COMMENTS = YES;
				CLANG_WARN_EMPTY_BODY = YES;
				CLANG_WARN_ENUM_CONVERSION = YES;
				CLANG_WARN_INFINITE_RECURSION = YES;
				CLANG_WARN_INT_CONVERSION = YES;
				CLANG_WARN_NON_LITERAL_NULL_CONVERSION = YES;
				CLANG_WARN_OBJC_IMPLICIT_RETAIN_SELF = YES;
				CLANG_WARN_OBJC_LITERAL_CONVERSION = YES;
				CLANG_WARN_OBJC_ROOT_CLASS = YES_ERROR;
				CLANG_WARN_QUOTED_INCLUDE_IN_FRAMEWORK_HEADER = YES;
				CLANG_WARN_RANGE_LOOP_ANALYSIS = YES;
				CLANG_WARN_STRICT_PROTOTYPES = YES;
				CLANG_WARN_SUSPICIOUS_MOVE = YES;
				CLANG_WARN_UNGUARDED_AVAILABILITY = YES_AGGRESSIVE;
				CLANG_WARN_UNREACHABLE_CODE = YES;
				CLANG_WARN__DUPLICATE_METHOD_MATCH = YES;
				COPY_PHASE_STRIP = NO;
				DEBUG_INFORMATION_FORMAT = dwarf;
				ENABLE_STRICT_OBJC_MSGSEND = YES;
				ENABLE_TESTABILITY = YES;
				GCC_C_LANGUAGE_STANDARD = gnu11;
				GCC_DYNAMIC_NO_PIC = NO;
				GCC_NO_COMMON_BLOCKS = YES;
				GCC_OPTIMIZATION_LEVEL = 0;
				GCC_PREPROCESSOR_DEFINITIONS = (
					"DEBUG=1",
					"$(inherited)",
				);
				GCC_WARN_64_TO_32_BIT_CONVERSION = YES;
				GCC_WARN_ABOUT_RETURN_TYPE = YES_ERROR;
				GCC_WARN_UNDECLARED_SELECTOR = YES;
				GCC_WARN_UNINITIALIZED_AUTOS = YES_AGGRESSIVE;
				GCC_WARN_UNUSED_FUNCTION = YES;
				GCC_WARN_UNUSED_VARIABLE = YES;
				IPHONEOS_DEPLOYMENT_TARGET = 14.0;
				MTL_ENABLE_DEBUG_INFO = INCLUDE_SOURCE;
				MTL_FAST_MATH = YES;
				ONLY_ACTIVE_ARCH = YES;
				SDKROOT = iphoneos;
				SWIFT_ACTIVE_COMPILATION_CONDITIONS = DEBUG;
				SWIFT_OPTIMIZATION_LEVEL = "-Onone";
			};
			name = Debug;
		};
		1599F17A2530CC7A0074241E /* Release */ = {
			isa = XCBuildConfiguration;
			buildSettings = {
				ALWAYS_SEARCH_USER_PATHS = NO;
				CLANG_ANALYZER_NONNULL = YES;
				CLANG_ANALYZER_NUMBER_OBJECT_CONVERSION = YES_AGGRESSIVE;
				CLANG_CXX_LANGUAGE_STANDARD = "gnu++14";
				CLANG_CXX_LIBRARY = "libc++";
				CLANG_ENABLE_MODULES = YES;
				CLANG_ENABLE_OBJC_ARC = YES;
				CLANG_ENABLE_OBJC_WEAK = YES;
				CLANG_WARN_BLOCK_CAPTURE_AUTORELEASING = YES;
				CLANG_WARN_BOOL_CONVERSION = YES;
				CLANG_WARN_COMMA = YES;
				CLANG_WARN_CONSTANT_CONVERSION = YES;
				CLANG_WARN_DEPRECATED_OBJC_IMPLEMENTATIONS = YES;
				CLANG_WARN_DIRECT_OBJC_ISA_USAGE = YES_ERROR;
				CLANG_WARN_DOCUMENTATION_COMMENTS = YES;
				CLANG_WARN_EMPTY_BODY = YES;
				CLANG_WARN_ENUM_CONVERSION = YES;
				CLANG_WARN_INFINITE_RECURSION = YES;
				CLANG_WARN_INT_CONVERSION = YES;
				CLANG_WARN_NON_LITERAL_NULL_CONVERSION = YES;
				CLANG_WARN_OBJC_IMPLICIT_RETAIN_SELF = YES;
				CLANG_WARN_OBJC_LITERAL_CONVERSION = YES;
				CLANG_WARN_OBJC_ROOT_CLASS = YES_ERROR;
				CLANG_WARN_QUOTED_INCLUDE_IN_FRAMEWORK_HEADER = YES;
				CLANG_WARN_RANGE_LOOP_ANALYSIS = YES;
				CLANG_WARN_STRICT_PROTOTYPES = YES;
				CLANG_WARN_SUSPICIOUS_MOVE = YES;
				CLANG_WARN_UNGUARDED_AVAILABILITY = YES_AGGRESSIVE;
				CLANG_WARN_UNREACHABLE_CODE = YES;
				CLANG_WARN__DUPLICATE_METHOD_MATCH = YES;
				COPY_PHASE_STRIP = NO;
				DEBUG_INFORMATION_FORMAT = "dwarf-with-dsym";
				ENABLE_NS_ASSERTIONS = NO;
				ENABLE_STRICT_OBJC_MSGSEND = YES;
				GCC_C_LANGUAGE_STANDARD = gnu11;
				GCC_NO_COMMON_BLOCKS = YES;
				GCC_WARN_64_TO_32_BIT_CONVERSION = YES;
				GCC_WARN_ABOUT_RETURN_TYPE = YES_ERROR;
				GCC_WARN_UNDECLARED_SELECTOR = YES;
				GCC_WARN_UNINITIALIZED_AUTOS = YES_AGGRESSIVE;
				GCC_WARN_UNUSED_FUNCTION = YES;
				GCC_WARN_UNUSED_VARIABLE = YES;
				IPHONEOS_DEPLOYMENT_TARGET = 14.0;
				MTL_ENABLE_DEBUG_INFO = NO;
				MTL_FAST_MATH = YES;
				SDKROOT = iphoneos;
				SWIFT_COMPILATION_MODE = wholemodule;
				SWIFT_OPTIMIZATION_LEVEL = "-O";
				VALIDATE_PRODUCT = YES;
			};
			name = Release;
		};
		1599F17C2530CC7A0074241E /* Debug */ = {
			isa = XCBuildConfiguration;
			baseConfigurationReference = F032477E884009F2D9890876 /* Pods-MoviesDB.debug.xcconfig */;
			buildSettings = {
				ASSETCATALOG_COMPILER_APPICON_NAME = AppIcon;
				ASSETCATALOG_COMPILER_GLOBAL_ACCENT_COLOR_NAME = AccentColor;
				CODE_SIGN_STYLE = Automatic;
				DEVELOPMENT_TEAM = J7TJ2ENV2W;
				INFOPLIST_FILE = "$(SRCROOT)/MoviesDB/SupportingFiles/Info.plist";
				LD_RUNPATH_SEARCH_PATHS = (
					"$(inherited)",
					"@executable_path/Frameworks",
				);
				PRODUCT_BUNDLE_IDENTIFIER = com.clickbus.mobile.MoviesDB;
				PRODUCT_NAME = "$(TARGET_NAME)";
				SWIFT_VERSION = 5.0;
				TARGETED_DEVICE_FAMILY = "1,2";
			};
			name = Debug;
		};
		1599F17D2530CC7A0074241E /* Release */ = {
			isa = XCBuildConfiguration;
			baseConfigurationReference = E1B01C88FE98CC7AE9983952 /* Pods-MoviesDB.release.xcconfig */;
			buildSettings = {
				ASSETCATALOG_COMPILER_APPICON_NAME = AppIcon;
				ASSETCATALOG_COMPILER_GLOBAL_ACCENT_COLOR_NAME = AccentColor;
				CODE_SIGN_STYLE = Automatic;
				DEVELOPMENT_TEAM = J7TJ2ENV2W;
				INFOPLIST_FILE = "$(SRCROOT)/MoviesDB/SupportingFiles/Info.plist";
				LD_RUNPATH_SEARCH_PATHS = (
					"$(inherited)",
					"@executable_path/Frameworks",
				);
				PRODUCT_BUNDLE_IDENTIFIER = com.clickbus.mobile.MoviesDB;
				PRODUCT_NAME = "$(TARGET_NAME)";
				SWIFT_VERSION = 5.0;
				TARGETED_DEVICE_FAMILY = "1,2";
			};
			name = Release;
		};
		1599F17F2530CC7A0074241E /* Debug */ = {
			isa = XCBuildConfiguration;
			baseConfigurationReference = F35EEB17D34EA98ACE375F34 /* Pods-MoviesDBTests.debug.xcconfig */;
			buildSettings = {
				ALWAYS_EMBED_SWIFT_STANDARD_LIBRARIES = YES;
				BUNDLE_LOADER = "$(TEST_HOST)";
				CODE_SIGN_STYLE = Automatic;
				INFOPLIST_FILE = MoviesDBTests/Info.plist;
				IPHONEOS_DEPLOYMENT_TARGET = 14.0;
				LD_RUNPATH_SEARCH_PATHS = (
					"$(inherited)",
					"@executable_path/Frameworks",
					"@loader_path/Frameworks",
				);
				PRODUCT_BUNDLE_IDENTIFIER = com.clickbus.mobile.MoviesDBTests;
				PRODUCT_NAME = "$(TARGET_NAME)";
				SWIFT_VERSION = 5.0;
				TARGETED_DEVICE_FAMILY = "1,2";
				TEST_HOST = "$(BUILT_PRODUCTS_DIR)/MoviesDB.app/MoviesDB";
			};
			name = Debug;
		};
		1599F1802530CC7A0074241E /* Release */ = {
			isa = XCBuildConfiguration;
			baseConfigurationReference = DA97B8B7A0BC649A0BEC2CF1 /* Pods-MoviesDBTests.release.xcconfig */;
			buildSettings = {
				ALWAYS_EMBED_SWIFT_STANDARD_LIBRARIES = YES;
				BUNDLE_LOADER = "$(TEST_HOST)";
				CODE_SIGN_STYLE = Automatic;
				INFOPLIST_FILE = MoviesDBTests/Info.plist;
				IPHONEOS_DEPLOYMENT_TARGET = 14.0;
				LD_RUNPATH_SEARCH_PATHS = (
					"$(inherited)",
					"@executable_path/Frameworks",
					"@loader_path/Frameworks",
				);
				PRODUCT_BUNDLE_IDENTIFIER = com.clickbus.mobile.MoviesDBTests;
				PRODUCT_NAME = "$(TARGET_NAME)";
				SWIFT_VERSION = 5.0;
				TARGETED_DEVICE_FAMILY = "1,2";
				TEST_HOST = "$(BUILT_PRODUCTS_DIR)/MoviesDB.app/MoviesDB";
			};
			name = Release;
		};
		1599F1822530CC7A0074241E /* Debug */ = {
			isa = XCBuildConfiguration;
			baseConfigurationReference = 58C60AC9445C73B86732B413 /* Pods-MoviesDBUITests.debug.xcconfig */;
			buildSettings = {
				ALWAYS_EMBED_SWIFT_STANDARD_LIBRARIES = YES;
				CODE_SIGN_STYLE = Automatic;
				INFOPLIST_FILE = MoviesDBUITests/Info.plist;
				LD_RUNPATH_SEARCH_PATHS = (
					"$(inherited)",
					"@executable_path/Frameworks",
					"@loader_path/Frameworks",
				);
				PRODUCT_BUNDLE_IDENTIFIER = com.clickbus.mobile.MoviesDBUITests;
				PRODUCT_NAME = "$(TARGET_NAME)";
				SWIFT_VERSION = 5.0;
				TARGETED_DEVICE_FAMILY = "1,2";
				TEST_TARGET_NAME = MoviesDB;
			};
			name = Debug;
		};
		1599F1832530CC7A0074241E /* Release */ = {
			isa = XCBuildConfiguration;
			baseConfigurationReference = 9A8AEC9C72976A58547EA7CF /* Pods-MoviesDBUITests.release.xcconfig */;
			buildSettings = {
				ALWAYS_EMBED_SWIFT_STANDARD_LIBRARIES = YES;
				CODE_SIGN_STYLE = Automatic;
				INFOPLIST_FILE = MoviesDBUITests/Info.plist;
				LD_RUNPATH_SEARCH_PATHS = (
					"$(inherited)",
					"@executable_path/Frameworks",
					"@loader_path/Frameworks",
				);
				PRODUCT_BUNDLE_IDENTIFIER = com.clickbus.mobile.MoviesDBUITests;
				PRODUCT_NAME = "$(TARGET_NAME)";
				SWIFT_VERSION = 5.0;
				TARGETED_DEVICE_FAMILY = "1,2";
				TEST_TARGET_NAME = MoviesDB;
			};
			name = Release;
		};
/* End XCBuildConfiguration section */

/* Begin XCConfigurationList section */
		1599F14C2530CC790074241E /* Build configuration list for PBXProject "MoviesDB" */ = {
			isa = XCConfigurationList;
			buildConfigurations = (
				1599F1792530CC7A0074241E /* Debug */,
				1599F17A2530CC7A0074241E /* Release */,
			);
			defaultConfigurationIsVisible = 0;
			defaultConfigurationName = Release;
		};
		1599F17B2530CC7A0074241E /* Build configuration list for PBXNativeTarget "MoviesDB" */ = {
			isa = XCConfigurationList;
			buildConfigurations = (
				1599F17C2530CC7A0074241E /* Debug */,
				1599F17D2530CC7A0074241E /* Release */,
			);
			defaultConfigurationIsVisible = 0;
			defaultConfigurationName = Release;
		};
		1599F17E2530CC7A0074241E /* Build configuration list for PBXNativeTarget "MoviesDBTests" */ = {
			isa = XCConfigurationList;
			buildConfigurations = (
				1599F17F2530CC7A0074241E /* Debug */,
				1599F1802530CC7A0074241E /* Release */,
			);
			defaultConfigurationIsVisible = 0;
			defaultConfigurationName = Release;
		};
		1599F1812530CC7A0074241E /* Build configuration list for PBXNativeTarget "MoviesDBUITests" */ = {
			isa = XCConfigurationList;
			buildConfigurations = (
				1599F1822530CC7A0074241E /* Debug */,
				1599F1832530CC7A0074241E /* Release */,
			);
			defaultConfigurationIsVisible = 0;
			defaultConfigurationName = Release;
		};
/* End XCConfigurationList section */
	};
	rootObject = 1599F1492530CC790074241E /* Project object */;
}
